
Microsoft Visual Studio Solution File, Format Version 12.00
# Visual Studio 2015
Project("{FAE04EC0-301F-11D3-BF4B-00C04F79EFBC}") = "Fighter.CSharp", "Fighter.CSharp.csproj", "{0416FE1C-12CC-580A-6305-9FDB32860DB1}"
EndProject
Global
	GlobalSection(SolutionConfigurationPlatforms) = preSolution
		Debug|Any CPU = Debug|Any CPU
		Release|Any CPU = Release|Any CPU
	EndGlobalSection
	GlobalSection(ProjectConfigurationPlatforms) = postSolution
		{0416FE1C-12CC-580A-6305-9FDB32860DB1}.Debug|Any CPU.ActiveCfg = Debug|Any CPU
		{0416FE1C-12CC-580A-6305-9FDB32860DB1}.Debug|Any CPU.Build.0 = Debug|Any CPU
		{0416FE1C-12CC-580A-6305-9FDB32860DB1}.Release|Any CPU.ActiveCfg = Release|Any CPU
		{0416FE1C-12CC-580A-6305-9FDB32860DB1}.Release|Any CPU.Build.0 = Release|Any CPU
	EndGlobalSection
	GlobalSection(SolutionProperties) = preSolution
		HideSolutionNode = FALSE
	EndGlobalSection
EndGlobal
